
Microsoft Visual Studio Solution File, Format Version 12.00
# Visual Studio Version 16
VisualStudioVersion = 16.0.30114.105
MinimumVisualStudioVersion = 10.0.40219.1
Project("{2150E333-8FDC-42A3-9474-1A3956D46DE8}") = "Services", "Services", "{E1DEE814-41F0-4455-A7DB-A2080A0E7616}"
EndProject
Project("{2150E333-8FDC-42A3-9474-1A3956D46DE8}") = "Basket", "Basket", "{3E46A245-4D8A-400B-A80E-FBE5795E5AAB}"
EndProject
Project("{FAE04EC0-301F-11D3-BF4B-00C04F79EFBC}") = "Basket.API", "Services\Basket\Basket.API\Basket.API.csproj", "{EDED1058-EB74-44BD-91E0-CBD9CF3CF34F}"
EndProject
Project("{FAE04EC0-301F-11D3-BF4B-00C04F79EFBC}") = "Basket.UnitTests", "Services\Basket\Basket.UnitTests\Basket.UnitTests.csproj", "{4DC7D058-EA76-4623-878C-436CA4C401FB}"
EndProject
Project("{2150E333-8FDC-42A3-9474-1A3956D46DE8}") = "Catalog", "Catalog", "{A71E9544-5DF2-41F2-AD87-CBAC8A4D65A5}"
EndProject
Project("{FAE04EC0-301F-11D3-BF4B-00C04F79EFBC}") = "Catalog.API", "Services\Catalog\Catalog.API\Catalog.API.csproj", "{6E77454F-5DBE-4D60-AC29-3B36DF80B9DB}"
EndProject
Project("{FAE04EC0-301F-11D3-BF4B-00C04F79EFBC}") = "Catalog.UnitTests", "Services\Catalog\Catalog.UnitTests\Catalog.UnitTests.csproj", "{596B88C0-7297-4F66-B1AE-27BFB576A6F9}"
EndProject
Global
	GlobalSection(SolutionConfigurationPlatforms) = preSolution
		Debug|Any CPU = Debug|Any CPU
		Debug|x64 = Debug|x64
		Debug|x86 = Debug|x86
		Release|Any CPU = Release|Any CPU
		Release|x64 = Release|x64
		Release|x86 = Release|x86
	EndGlobalSection
	GlobalSection(SolutionProperties) = preSolution
		HideSolutionNode = FALSE
	EndGlobalSection
	GlobalSection(ProjectConfigurationPlatforms) = postSolution
		{EDED1058-EB74-44BD-91E0-CBD9CF3CF34F}.Debug|Any CPU.ActiveCfg = Debug|Any CPU
		{EDED1058-EB74-44BD-91E0-CBD9CF3CF34F}.Debug|Any CPU.Build.0 = Debug|Any CPU
		{EDED1058-EB74-44BD-91E0-CBD9CF3CF34F}.Debug|x64.ActiveCfg = Debug|Any CPU
		{EDED1058-EB74-44BD-91E0-CBD9CF3CF34F}.Debug|x64.Build.0 = Debug|Any CPU
		{EDED1058-EB74-44BD-91E0-CBD9CF3CF34F}.Debug|x86.ActiveCfg = Debug|Any CPU
		{EDED1058-EB74-44BD-91E0-CBD9CF3CF34F}.Debug|x86.Build.0 = Debug|Any CPU
		{EDED1058-EB74-44BD-91E0-CBD9CF3CF34F}.Release|Any CPU.ActiveCfg = Release|Any CPU
		{EDED1058-EB74-44BD-91E0-CBD9CF3CF34F}.Release|Any CPU.Build.0 = Release|Any CPU
		{EDED1058-EB74-44BD-91E0-CBD9CF3CF34F}.Release|x64.ActiveCfg = Release|Any CPU
		{EDED1058-EB74-44BD-91E0-CBD9CF3CF34F}.Release|x64.Build.0 = Release|Any CPU
		{EDED1058-EB74-44BD-91E0-CBD9CF3CF34F}.Release|x86.ActiveCfg = Release|Any CPU
		{EDED1058-EB74-44BD-91E0-CBD9CF3CF34F}.Release|x86.Build.0 = Release|Any CPU
		{4DC7D058-EA76-4623-878C-436CA4C401FB}.Debug|Any CPU.ActiveCfg = Debug|Any CPU
		{4DC7D058-EA76-4623-878C-436CA4C401FB}.Debug|Any CPU.Build.0 = Debug|Any CPU
		{4DC7D058-EA76-4623-878C-436CA4C401FB}.Debug|x64.ActiveCfg = Debug|Any CPU
		{4DC7D058-EA76-4623-878C-436CA4C401FB}.Debug|x64.Build.0 = Debug|Any CPU
		{4DC7D058-EA76-4623-878C-436CA4C401FB}.Debug|x86.ActiveCfg = Debug|Any CPU
		{4DC7D058-EA76-4623-878C-436CA4C401FB}.Debug|x86.Build.0 = Debug|Any CPU
		{4DC7D058-EA76-4623-878C-436CA4C401FB}.Release|Any CPU.ActiveCfg = Release|Any CPU
		{4DC7D058-EA76-4623-878C-436CA4C401FB}.Release|Any CPU.Build.0 = Release|Any CPU
		{4DC7D058-EA76-4623-878C-436CA4C401FB}.Release|x64.ActiveCfg = Release|Any CPU
		{4DC7D058-EA76-4623-878C-436CA4C401FB}.Release|x64.Build.0 = Release|Any CPU
		{4DC7D058-EA76-4623-878C-436CA4C401FB}.Release|x86.ActiveCfg = Release|Any CPU
		{4DC7D058-EA76-4623-878C-436CA4C401FB}.Release|x86.Build.0 = Release|Any CPU
		{6E77454F-5DBE-4D60-AC29-3B36DF80B9DB}.Debug|Any CPU.ActiveCfg = Debug|Any CPU
		{6E77454F-5DBE-4D60-AC29-3B36DF80B9DB}.Debug|Any CPU.Build.0 = Debug|Any CPU
		{6E77454F-5DBE-4D60-AC29-3B36DF80B9DB}.Debug|x64.ActiveCfg = Debug|Any CPU
		{6E77454F-5DBE-4D60-AC29-3B36DF80B9DB}.Debug|x64.Build.0 = Debug|Any CPU
		{6E77454F-5DBE-4D60-AC29-3B36DF80B9DB}.Debug|x86.ActiveCfg = Debug|Any CPU
		{6E77454F-5DBE-4D60-AC29-3B36DF80B9DB}.Debug|x86.Build.0 = Debug|Any CPU
		{6E77454F-5DBE-4D60-AC29-3B36DF80B9DB}.Release|Any CPU.ActiveCfg = Release|Any CPU
		{6E77454F-5DBE-4D60-AC29-3B36DF80B9DB}.Release|Any CPU.Build.0 = Release|Any CPU
		{6E77454F-5DBE-4D60-AC29-3B36DF80B9DB}.Release|x64.ActiveCfg = Release|Any CPU
		{6E77454F-5DBE-4D60-AC29-3B36DF80B9DB}.Release|x64.Build.0 = Release|Any CPU
		{6E77454F-5DBE-4D60-AC29-3B36DF80B9DB}.Release|x86.ActiveCfg = Release|Any CPU
		{6E77454F-5DBE-4D60-AC29-3B36DF80B9DB}.Release|x86.Build.0 = Release|Any CPU
		{596B88C0-7297-4F66-B1AE-27BFB576A6F9}.Debug|Any CPU.ActiveCfg = Debug|Any CPU
		{596B88C0-7297-4F66-B1AE-27BFB576A6F9}.Debug|Any CPU.Build.0 = Debug|Any CPU
		{596B88C0-7297-4F66-B1AE-27BFB576A6F9}.Debug|x64.ActiveCfg = Debug|Any CPU
		{596B88C0-7297-4F66-B1AE-27BFB576A6F9}.Debug|x64.Build.0 = Debug|Any CPU
		{596B88C0-7297-4F66-B1AE-27BFB576A6F9}.Debug|x86.ActiveCfg = Debug|Any CPU
		{596B88C0-7297-4F66-B1AE-27BFB576A6F9}.Debug|x86.Build.0 = Debug|Any CPU
		{596B88C0-7297-4F66-B1AE-27BFB576A6F9}.Release|Any CPU.ActiveCfg = Release|Any CPU
		{596B88C0-7297-4F66-B1AE-27BFB576A6F9}.Release|Any CPU.Build.0 = Release|Any CPU
		{596B88C0-7297-4F66-B1AE-27BFB576A6F9}.Release|x64.ActiveCfg = Release|Any CPU
		{596B88C0-7297-4F66-B1AE-27BFB576A6F9}.Release|x64.Build.0 = Release|Any CPU
		{596B88C0-7297-4F66-B1AE-27BFB576A6F9}.Release|x86.ActiveCfg = Release|Any CPU
		{596B88C0-7297-4F66-B1AE-27BFB576A6F9}.Release|x86.Build.0 = Release|Any CPU
	EndGlobalSection
	GlobalSection(NestedProjects) = preSolution
		{3E46A245-4D8A-400B-A80E-FBE5795E5AAB} = {E1DEE814-41F0-4455-A7DB-A2080A0E7616}
		{EDED1058-EB74-44BD-91E0-CBD9CF3CF34F} = {3E46A245-4D8A-400B-A80E-FBE5795E5AAB}
		{4DC7D058-EA76-4623-878C-436CA4C401FB} = {3E46A245-4D8A-400B-A80E-FBE5795E5AAB}
		{A71E9544-5DF2-41F2-AD87-CBAC8A4D65A5} = {E1DEE814-41F0-4455-A7DB-A2080A0E7616}
		{6E77454F-5DBE-4D60-AC29-3B36DF80B9DB} = {A71E9544-5DF2-41F2-AD87-CBAC8A4D65A5}
		{596B88C0-7297-4F66-B1AE-27BFB576A6F9} = {A71E9544-5DF2-41F2-AD87-CBAC8A4D65A5}
	EndGlobalSection
EndGlobal
